#MicroXplorer Configuration settings - do not modify
Mcu.Family=STM32F1
SH.FSMC_D1_DA1.1=FSMC_D1,8b-d2
PD7.Mode=NorPsramChipSelect1_1
ProjectManager.MainLocation=Core/Src
Dma.TIM5_CH3/UP.0.Direction=DMA_MEMORY_TO_PERIPH
FSMC.AddressSetupTime2=15
FSMC.AddressSetupTime1=0
RCC.MCOFreq_Value=36000000
VP_TIM5_VS_ClockSourceINT.Mode=Internal
SH.FSMC_NWAIT.0=FSMC_NWAIT,AsynchronousWait1
USB_DEVICE.CLASS_NAME_FS=CDC
SH.FSMC_D1_DA1.0=FSMC_D1,8b-d1
SH.FSMC_A12.1=FSMC_A12,14b-a2
VP_TIM4_VS_ControllerModeClock.Signal=TIM4_VS_ControllerModeClock
SH.FSMC_A12.0=FSMC_A12,16b-a1
ProjectManager.KeepUserCode=true
Mcu.UserName=STM32F103ZETx
SH.FSMC_A6.0=FSMC_A6,16b-a1
VP_TIM5_VS_ClockSourceINT.Signal=TIM5_VS_ClockSourceINT
SH.FSMC_A6.1=FSMC_A6,14b-a2
PG2.Signal=FSMC_A12
TIM1.IPParameters=Prescaler
PG4.Signal=FSMC_A14
RCC.PLLCLKFreq_Value=72000000
USB_DEVICE.PID_CDC_FS=0xBABA
SH.FSMC_NWE.0=FSMC_NWE,Sram1
PG0.Signal=FSMC_A10
SH.FSMC_D0_DA0.1=FSMC_D0,8b-d2
ProjectManager.functionlistsort=1-MX_GPIO_Init-GPIO-false-HAL-true,2-MX_DMA_Init-DMA-false-HAL-true,3-SystemClock_Config-RCC-false-HAL-false,4-MX_FSMC_Init-FSMC-false-HAL-true,5-MX_USB_DEVICE_Init-USB_DEVICE-false-HAL-false,6-MX_TIM2_Init-TIM2-false-HAL-true,7-MX_TIM5_Init-TIM5-false-HAL-true,8-MX_TIM1_Init-TIM1-false-HAL-true,9-MX_TIM3_Init-TIM3-false-HAL-true,10-MX_TIM4_Init-TIM4-false-HAL-true
SH.FSMC_NWE.1=FSMC_NWE,Psram2
SH.FSMC_D0_DA0.0=FSMC_D0,8b-d1
PA11.Mode=Device
RCC.ADCFreqValue=36000000
PB6.GPIO_Label=CIRAM_A10
Dma.TIM5_CH3/UP.0.Priority=DMA_PRIORITY_VERY_HIGH
PA2.GPIOParameters=GPIO_Label
PinOutPanel.RotationAngle=0
RCC.SYSCLKSource=RCC_SYSCLKSOURCE_PLLCLK
ProjectManager.StackSize=0x400
Mcu.IP4=SYS
RCC.FCLKCortexFreq_Value=72000000
Mcu.IP5=TIM1
USB_DEVICE.MANUFACTURER_STRING=Cluster
Mcu.IP2=NVIC
NVIC.SVCall_IRQn=true\:0\:0\:false\:false\:true\:false\:false
Mcu.IP3=RCC
RCC.SDIOHCLKDiv2FreqValue=36000000
PB4.GPIOParameters=GPIO_Label
Mcu.IP0=DMA
Mcu.IP1=FSMC
PA12.Signal=USB_DP
TIM1.Prescaler=71
SH.FSMC_A15.ConfNb=1
SH.FSMC_A11.0=FSMC_A11,16b-a1
Mcu.UserConstants=
SH.FSMC_A11.1=FSMC_A11,14b-a2
Dma.TIM5_CH3/UP.0.RequestParameters=Instance,Direction,PeriphInc,MemInc,PeriphDataAlignment,MemDataAlignment,Mode,Priority
SH.FSMC_A7.0=FSMC_A7,16b-a1
SH.FSMC_A11.ConfNb=2
Mcu.ThirdPartyNb=0
RCC.SDIOFreq_Value=72000000
RCC.HCLKFreq_Value=72000000
SH.FSMC_A7.1=FSMC_A7,14b-a2
Mcu.IPNb=12
TIM2.IPParameters=Channel-PWM Generation1 CH1,Period,Pulse-PWM Generation1 CH1,Prescaler,TIM_MasterOutputTrigger
ProjectManager.PreviousToolchain=STM32CubeIDE
PD4.Signal=FSMC_NOE
RCC.APB2TimFreq_Value=72000000
PB6.Signal=GPIO_Input
SH.S_TIM5_CH3.0=TIM5_CH3,PWM Generation3 CH3
PF12.Signal=FSMC_A6
Mcu.Pin6=OSC_IN
PD0.Signal=FSMC_D2_DA2
Mcu.Pin7=OSC_OUT
VP_TIM2_VS_ClockSourceINT.Signal=TIM2_VS_ClockSourceINT
Mcu.Pin8=PA0-WKUP
VP_TIM3_VS_ControllerModeClock.Mode=Clock Mode
OSC_OUT.Mode=HSE-External-Oscillator
Mcu.Pin9=PA1
SH.FSMC_A10.0=FSMC_A10,16b-a1
VP_TIM3_VS_ClockSourceITR.Signal=TIM3_VS_ClockSourceITR
OSC_OUT.Signal=RCC_OSC_OUT
RCC.AHBFreq_Value=72000000
Mcu.Pin0=PF0
Mcu.Pin1=PF1
GPIO.groupedBy=Group By Peripherals
Mcu.Pin2=PF2
Mcu.Pin3=PF3
SH.FSMC_D4_DA4.ConfNb=2
Mcu.Pin4=PF4
PA0-WKUP.GPIOParameters=GPIO_Label
Mcu.Pin5=PF5
ProjectManager.ProjectBuild=false
NVIC.DMA2_Channel2_IRQn=true\:0\:0\:false\:false\:true\:false\:true
RCC.HSE_VALUE=16000000
NVIC.UsageFault_IRQn=true\:0\:0\:false\:false\:true\:false\:false
NVIC.DebugMonitor_IRQn=true\:0\:0\:false\:false\:true\:false\:false
PB3.Mode=Trace_Asynchronous_SW
Mcu.IP10=USB
NVIC.SysTick_IRQn=true\:0\:0\:false\:false\:true\:false\:true
SH.FSMC_D6_DA6.ConfNb=2
RCC.PLLMUL=RCC_PLL_MUL9
Mcu.IP11=USB_DEVICE
ProjectManager.FirmwarePackage=STM32Cube FW_F1 V1.8.3
MxDb.Version=DB.6.0.21
PE0.GPIOParameters=PinState,GPIO_Label
PA1.GPIOParameters=GPIO_Label
SH.FSMC_NOE.ConfNb=2
ProjectManager.BackupPrevious=false
SH.FSMC_A14.0=FSMC_A14,16b-a1
PE9.Signal=FSMC_D6_DA6
PA14.Mode=Trace_Asynchronous_SW
SH.FSMC_A0.0=FSMC_A0,16b-a1
SH.FSMC_A0.1=FSMC_A0,14b-a2
Dma.TIM5_CH3/UP.0.PeriphDataAlignment=DMA_PDATAALIGN_HALFWORD
TIM3.Prescaler=999
TIM5.Pulse-PWM\ Generation3\ CH3=0
SH.FSMC_D6_DA6.0=FSMC_D6,8b-d1
File.Version=6
SH.FSMC_D6_DA6.1=FSMC_D6,8b-d2
SH.FSMC_A8.0=FSMC_A8,16b-a1
SH.FSMC_A8.1=FSMC_A8,14b-a2
PB7.Signal=GPIO_Input
PA8.Signal=RCC_MCO
FSMC.BusTurnAroundDuration1=0
FSMC.BusTurnAroundDuration2=0
TIM2.Channel-PWM\ Generation1\ CH1=TIM_CHANNEL_1
PB6.Locked=true
NVIC.PendSV_IRQn=true\:0\:0\:false\:false\:true\:false\:false
PF3.Signal=FSMC_A3
VP_TIM3_VS_ClockSourceITR.Mode=TriggerSource_ITR1
PE10.Signal=FSMC_D7_DA7
SH.FSMC_D5_DA5.0=FSMC_D5,8b-d1
Dma.RequestsNb=1
PB6.GPIOParameters=GPIO_Label
ProjectManager.HalAssertFull=false
VP_TIM1_VS_ClockSourceINT.Mode=Internal
SH.FSMC_D5_DA5.1=FSMC_D5,8b-d2
ProjectManager.ProjectName=FamicomDumper
Dma.TIM5_CH3/UP.0.Instance=DMA2_Channel2
SH.FSMC_D4_DA4.1=FSMC_D4,8b-d2
SH.FSMC_D4_DA4.0=FSMC_D4,8b-d1
RCC.PLLMCOFreq_Value=36000000
SH.FSMC_A0.ConfNb=2
PB7.GPIO_Label=IRQ
VP_TIM3_VS_ControllerModeClock.Signal=TIM3_VS_ControllerModeClock
SH.FSMC_A8.ConfNb=2
Mcu.Package=LQFP144
TIM2.Prescaler=0
SH.FSMC_A2.ConfNb=2
RCC.I2S2Freq_Value=72000000
FSMC.IPParameters=WriteOperation1,WriteOperation2,DataSetupTime1,BusTurnAroundDuration1,AddressSetupTime1,ExtendedMode1,AddressHoldTime1,ExtendedMode2,DataSetupTime2,AddressSetupTime2,BusTurnAroundDuration2
ProjectManager.ToolChainLocation=
PA2.GPIO_Label=WS2812
VP_SYS_VS_Systick.Signal=SYS_VS_Systick
SH.FSMC_A13.0=FSMC_A13,16b-a1
SH.FSMC_A13.1=FSMC_A13,14b-a2
VP_USB_DEVICE_VS_USB_DEVICE_CDC_FS.Signal=USB_DEVICE_VS_USB_DEVICE_CDC_FS
SH.FSMC_A1.1=FSMC_A1,14b-a2
SH.FSMC_A13.ConfNb=2
PE0.GPIO_Label=SHIFTERS_OE
PF5.Signal=FSMC_A5
SH.FSMC_A1.0=FSMC_A1,16b-a1
SH.FSMC_D3_DA3.1=FSMC_D3,8b-d2
TIM2.TIM_MasterOutputTrigger=TIM_TRGO_UPDATE
SH.FSMC_A9.1=FSMC_A9,14b-a2
SH.FSMC_D3_DA3.0=FSMC_D3,8b-d1
SH.FSMC_A9.0=FSMC_A9,16b-a1
PF14.Signal=FSMC_A8
RCC.APB1TimFreq_Value=72000000
NVIC.BusFault_IRQn=true\:0\:0\:false\:false\:true\:false\:false
SH.FSMC_D2_DA2.1=FSMC_D2,8b-d2
SH.FSMC_D2_DA2.0=FSMC_D2,8b-d1
SH.FSMC_NWE.ConfNb=2
PF0.Signal=FSMC_A0
PE7.Signal=FSMC_D4_DA4
PD6.Signal=FSMC_NWAIT
Dma.Request0=TIM5_CH3/UP
SH.FSMC_D7_DA7.ConfNb=2
PD15.Signal=FSMC_D1_DA1
ProjectManager.CustomerFirmwarePackage=
PB4.Signal=GPIO_Input
SH.FSMC_A5.ConfNb=2
PB7.GPIO_PuPd=GPIO_PULLUP
ProjectManager.ProjectFileName=FamicomDumper.ioc
SH.FSMC_NWAIT.ConfNb=1
Dma.TIM5_CH3/UP.0.MemDataAlignment=DMA_MDATAALIGN_BYTE
TIM5.IPParameters=Channel-PWM Generation3 CH3,Period,Pulse-PWM Generation3 CH3
SH.FSMC_A2.0=FSMC_A2,16b-a1
Mcu.PinsNb=53
SH.FSMC_A2.1=FSMC_A2,14b-a2
FSMC.WriteOperation1=FSMC_WRITE_OPERATION_ENABLE
FSMC.WriteOperation2=FSMC_WRITE_OPERATION_ENABLE
ProjectManager.NoMain=false
USB_DEVICE.VirtualModeFS=Cdc_FS
PG3.Signal=FSMC_A13
PG1.Signal=FSMC_A11
FSMC.ExtendedMode1=FSMC_EXTENDED_MODE_DISABLE
PG5.Signal=FSMC_A15
FSMC.ExtendedMode2=FSMC_EXTENDED_MODE_DISABLE
PG9.Signal=FSMC_NE2
PG9.Mode=NorPsramChipSelect2_2
PD7.Signal=FSMC_NE1
RCC.USBPrescaler=RCC_USBCLKSOURCE_PLL_DIV1_5
PD1.Signal=FSMC_D3_DA3
ProjectManager.DefaultFWLocation=true
PD5.Signal=FSMC_NWE
TIM5.Channel-PWM\ Generation3\ CH3=TIM_CHANNEL_3
Dma.TIM5_CH3/UP.0.Mode=DMA_NORMAL
ProjectManager.DeletePrevious=true
RCC.APB1CLKDivider=RCC_HCLK_DIV2
USB_DEVICE.IPParameters=VirtualMode,VirtualModeFS,CLASS_NAME_FS,VID,MANUFACTURER_STRING,PID_CDC_FS,PRODUCT_STRING_CDC_FS
VP_TIM4_VS_ControllerModeClock.Mode=Clock Mode
SH.S_TIM2_CH1_ETR.ConfNb=1
RCC.FamilyName=M
RCC.I2S3Freq_Value=72000000
FSMC.AddressHoldTime1=1
PA0-WKUP.GPIO_Label=M2
PA0-WKUP.Signal=S_TIM2_CH1_ETR
TIM2.Pulse-PWM\ Generation1\ CH1=24
PA13.Signal=SYS_JTMS-SWDIO
PE0.PinState=GPIO_PIN_RESET
SH.FSMC_A14.ConfNb=1
SH.FSMC_A3.0=FSMC_A3,16b-a1
USB_DEVICE.VID=0x1209
ProjectManager.TargetToolchain=STM32CubeIDE
SH.FSMC_A15.0=FSMC_A15,16b-a1
FSMC.DataSetupTime2=63
USB_DEVICE.PRODUCT_STRING_CDC_FS=Famicom Dumper/Writer
FSMC.DataSetupTime1=1
SH.FSMC_D5_DA5.ConfNb=2
Mcu.Pin51=VP_TIM5_VS_ClockSourceINT
SH.FSMC_A10.ConfNb=2
Mcu.Pin52=VP_USB_DEVICE_VS_USB_DEVICE_CDC_FS
SH.FSMC_A3.1=FSMC_A3,14b-a2
Mcu.Pin50=VP_TIM4_VS_ClockSourceITR
PB7.GPIOParameters=GPIO_PuPd,GPIO_Label
VP_USB_DEVICE_VS_USB_DEVICE_CDC_FS.Mode=CDC_FS
SH.FSMC_A3.ConfNb=2
VP_TIM1_VS_ClockSourceINT.Signal=TIM1_VS_ClockSourceINT
Dma.TIM5_CH3/UP.0.PeriphInc=DMA_PINC_DISABLE
SH.S_TIM5_CH3.ConfNb=1
VP_TIM4_VS_ClockSourceITR.Signal=TIM4_VS_ClockSourceITR
PF2.Signal=FSMC_A2
ProjectManager.RegisterCallBack=
OSC_IN.Signal=RCC_OSC_IN
PE0.Locked=true
RCC.USBFreq_Value=48000000
PA1.Signal=GPIO_Output
Mcu.Pin48=VP_TIM3_VS_ClockSourceITR
Mcu.Pin49=VP_TIM4_VS_ControllerModeClock
Mcu.Pin46=VP_TIM2_VS_ClockSourceINT
Mcu.Pin47=VP_TIM3_VS_ControllerModeClock
SH.FSMC_A7.ConfNb=2
Mcu.Pin40=PB4
Mcu.Pin41=PB6
SH.FSMC_D7_DA7.1=FSMC_D7,8b-d2
Mcu.Pin44=VP_SYS_VS_Systick
SH.FSMC_D7_DA7.0=FSMC_D7,8b-d1
Mcu.Pin45=VP_TIM1_VS_ClockSourceINT
Mcu.Pin42=PB7
board=custom
Mcu.Pin43=PE0
SH.FSMC_D0_DA0.ConfNb=2
ProjectManager.LastFirmware=true
SH.FSMC_D3_DA3.ConfNb=2
RCC.VCOOutput2Freq_Value=8000000
RCC.APB2Freq_Value=72000000
MxCube.Version=6.2.1
Mcu.Pin37=PD7
PB4.GPIO_Label=CIRAM_CE
Mcu.Pin38=PG9
SH.FSMC_A10.1=FSMC_A10,14b-a2
Mcu.Pin35=PD5
VP_TIM2_VS_ClockSourceINT.Mode=Internal
PE8.Signal=FSMC_D5_DA5
Mcu.Pin36=PD6
VP_TIM4_VS_ClockSourceITR.Mode=TriggerSource_ITR1
Mcu.Pin39=PB3
NVIC.USB_LP_CAN1_RX0_IRQn=true\:0\:0\:false\:false\:true\:false\:true
Mcu.Pin30=PA13
PA1.GPIO_Label=RESERVED
SH.FSMC_A4.0=FSMC_A4,16b-a1
VP_SYS_VS_Systick.Mode=SysTick
SH.FSMC_A4.1=FSMC_A4,14b-a2
Mcu.Pin33=PD1
TIM3.IPParameters=Prescaler
Mcu.Pin34=PD4
Mcu.Pin31=PA14
RCC.RCC_MCOSource=RCC_MCO1SOURCE_PLLCLK
Mcu.Pin32=PD0
PF15.Signal=FSMC_A9
SH.FSMC_A4.ConfNb=2
NVIC.NonMaskableInt_IRQn=true\:0\:0\:false\:false\:true\:false\:false
PF13.Signal=FSMC_A7
TIM2.Period=39
PF1.Signal=FSMC_A1
PA13.Mode=Trace_Asynchronous_SW
ProjectManager.FreePins=false
RCC.IPParameters=ADCFreqValue,AHBFreq_Value,APB1CLKDivider,APB1Freq_Value,APB1TimFreq_Value,APB2Freq_Value,APB2TimFreq_Value,FCLKCortexFreq_Value,FSMCFreq_Value,FamilyName,HCLKFreq_Value,HSEDivPLL,HSE_VALUE,I2S2Freq_Value,I2S3Freq_Value,MCOFreq_Value,PLLCLKFreq_Value,PLLMCOFreq_Value,PLLMUL,RCC_MCOSource,SDIOFreq_Value,SDIOHCLKDiv2FreqValue,SYSCLKFreq_VALUE,SYSCLKSource,TimSysFreq_Value,USBFreq_Value,USBPrescaler,VCOOutput2Freq_Value
ProjectManager.AskForMigrate=true
Mcu.Name=STM32F103Z(C-D-E)Tx
PE0.Signal=GPIO_Output
Mcu.Pin26=PG5
Mcu.Pin27=PA8
PA2.Signal=S_TIM5_CH3
Mcu.Pin24=PG3
ProjectManager.UnderRoot=true
Mcu.Pin25=PG4
Mcu.IP8=TIM4
Mcu.IP9=TIM5
PD14.Signal=FSMC_D0_DA0
Mcu.Pin28=PA11
Mcu.IP6=TIM2
Mcu.Pin29=PA12
RCC.FSMCFreq_Value=72000000
Mcu.IP7=TIM3
ProjectManager.CoupleFile=false
PB4.Locked=true
PB3.Signal=SYS_JTDO-TRACESWO
RCC.SYSCLKFreq_VALUE=72000000
Mcu.Pin22=PD15
SH.FSMC_A6.ConfNb=2
Mcu.Pin23=PG2
RCC.TimSysFreq_Value=72000000
PA1.Locked=true
Mcu.Pin20=PE10
Mcu.Pin21=PD14
PA12.Mode=Device
NVIC.ForceEnableDMAVector=true
KeepUserPlacement=false
OSC_IN.Mode=HSE-External-Oscillator
RCC.HSEDivPLL=RCC_HSE_PREDIV_DIV2
NVIC.MemoryManagement_IRQn=true\:0\:0\:false\:false\:true\:false\:false
ProjectManager.CompilerOptimize=6
PA11.Signal=USB_DM
SH.S_TIM2_CH1_ETR.0=TIM2_CH1,PWM Generation1 CH1
PA14.Signal=SYS_JTCK-SWCLK
ProjectManager.HeapSize=0x200
Mcu.Pin15=PG0
NVIC.HardFault_IRQn=true\:0\:0\:false\:false\:true\:false\:false
Mcu.Pin16=PG1
Mcu.Pin13=PF14
Mcu.Pin14=PF15
SH.FSMC_NOE.1=FSMC_NOE,Psram2
Mcu.Pin19=PE9
SH.FSMC_NOE.0=FSMC_NOE,Sram1
SH.FSMC_A12.ConfNb=2
ProjectManager.ComputerToolchain=false
Mcu.Pin17=PE7
SH.FSMC_D2_DA2.ConfNb=2
Mcu.Pin18=PE8
SH.FSMC_D1_DA1.ConfNb=2
SH.FSMC_A5.1=FSMC_A5,14b-a2
NVIC.PriorityGroup=NVIC_PRIORITYGROUP_4
SH.FSMC_A5.0=FSMC_A5,16b-a1
Mcu.Pin11=PF12
Mcu.Pin12=PF13
Mcu.Pin10=PA2
PB7.Locked=true
TIM5.Period=89
PA8.Mode=Clock-out
PF4.Signal=FSMC_A4
RCC.APB1Freq_Value=36000000
USB_DEVICE.VirtualMode=Cdc
Dma.TIM5_CH3/UP.0.MemInc=DMA_MINC_ENABLE
ProjectManager.DeviceId=STM32F103ZETx
ProjectManager.LibraryCopy=1
SH.FSMC_A9.ConfNb=2
SH.FSMC_A1.ConfNb=2
isbadioc=false
